
Microsoft Visual Studio Solution File, Format Version 12.00
# Visual Studio Version 17
VisualStudioVersion = 17.5.33414.496
MinimumVisualStudioVersion = 10.0.40219.1
Project("{FAE04EC0-301F-11D3-BF4B-00C04F79EFBC}") = "o eto sayo seal", "o eto sayo seal\o eto sayo seal.csproj", "{C1AABFCA-FFE5-453E-B8E4-8AAF28B8538C}"
EndProject
Global
	GlobalSection(SolutionConfigurationPlatforms) = preSolution
		Debug|Any CPU = Debug|Any CPU
		Release|Any CPU = Release|Any CPU
	EndGlobalSection
	GlobalSection(ProjectConfigurationPlatforms) = postSolution
		{C1AABFCA-FFE5-453E-B8E4-8AAF28B8538C}.Debug|Any CPU.ActiveCfg = Debug|Any CPU
		{C1AABFCA-FFE5-453E-B8E4-8AAF28B8538C}.Debug|Any CPU.Build.0 = Debug|Any CPU
		{C1AABFCA-FFE5-453E-B8E4-8AAF28B8538C}.Release|Any CPU.ActiveCfg = Release|Any CPU
		{C1AABFCA-FFE5-453E-B8E4-8AAF28B8538C}.Release|Any CPU.Build.0 = Release|Any CPU
	EndGlobalSection
	GlobalSection(SolutionProperties) = preSolution
		HideSolutionNode = FALSE
	EndGlobalSection
	GlobalSection(ExtensibilityGlobals) = postSolution
		SolutionGuid = {BD38B08E-E418-43C4-BA59-D5285C13371F}
	EndGlobalSection
EndGlobal
